
Microsoft Visual Studio Solution File, Format Version 12.00
# Visual Studio Version 17
VisualStudioVersion = 17.4.33213.308
MinimumVisualStudioVersion = 10.0.40219.1
Project("{FAE04EC0-301F-11D3-BF4B-00C04F79EFBC}") = "WeatherStationMVC", "WeatherStationMVC.csproj", "{1604F3DE-9F51-4E0A-91A9-FCC64ED5C6CA}"
EndProject
Global
	GlobalSection(SolutionConfigurationPlatforms) = preSolution
		Debug|Any CPU = Debug|Any CPU
		Release|Any CPU = Release|Any CPU
	EndGlobalSection
	GlobalSection(ProjectConfigurationPlatforms) = postSolution
		{1604F3DE-9F51-4E0A-91A9-FCC64ED5C6CA}.Debug|Any CPU.ActiveCfg = Debug|Any CPU
		{1604F3DE-9F51-4E0A-91A9-FCC64ED5C6CA}.Debug|Any CPU.Build.0 = Debug|Any CPU
		{1604F3DE-9F51-4E0A-91A9-FCC64ED5C6CA}.Release|Any CPU.ActiveCfg = Release|Any CPU
		{1604F3DE-9F51-4E0A-91A9-FCC64ED5C6CA}.Release|Any CPU.Build.0 = Release|Any CPU
	EndGlobalSection
	GlobalSection(SolutionProperties) = preSolution
		HideSolutionNode = FALSE
	EndGlobalSection
	GlobalSection(ExtensibilityGlobals) = postSolution
		SolutionGuid = {45F6791D-5B3E-4B9C-A736-92C94895831E}
	EndGlobalSection
EndGlobal
